github.com/DirtyF/hugo-json-api-component v0.0.0-20190914153224-5b4bdb1eb96c h1:k53v5z/vj/h6A1gVVKXwZ72Q0rBvZHSsn/XK6ssFAPQ=
github.com/DirtyF/hugo-json-api-component v0.0.0-20190914153224-5b4bdb1eb96c/go.mod h1:Xk+1UHo8Zars4bua5qJVrqJC6i7m6Cz3vC8roaka13I=
github.com/jygastaud/hugo-microtypo/microtypo v0.0.0-20191211154642-06fe4924e9e4 h1:qLBKvaI7bVwL9zFyQRVbpaGBEbSIehDO0W2gdJsJ6f8=
github.com/jygastaud/hugo-microtypo/microtypo v0.0.0-20191211154642-06fe4924e9e4/go.mod h1:ne94VGyu35qW72mRXM/jV5RDZ0HScRBljlPULvDgqUY=
